
Microsoft Visual Studio Solution File, Format Version 12.00
# Visual Studio Version 17
VisualStudioVersion = 17.6.33712.159
MinimumVisualStudioVersion = 10.0.40219.1
Project("{9A19103F-16F7-4668-BE54-9A1E7A4F7556}") = "WebApps", "MicCleanApplication\WebApps.csproj", "{F2B74856-F51B-4D0E-AA01-6810AF0FD009}"
EndProject
Project("{9A19103F-16F7-4668-BE54-9A1E7A4F7556}") = "Domain", "Domain\Domain.csproj", "{2E31D9E3-216B-4433-96A2-C744753CE2BF}"
EndProject
Project("{9A19103F-16F7-4668-BE54-9A1E7A4F7556}") = "Application", "Application\Application.csproj", "{BF285B87-BB8F-4232-AC5F-99E745DC8B21}"
EndProject
Project("{9A19103F-16F7-4668-BE54-9A1E7A4F7556}") = "Infrastructure", "Infrastructure\Infrastructure.csproj", "{D38EBD96-120A-4FE3-8EEA-6D754CD49DD3}"
EndProject
Project("{2150E333-8FDC-42A3-9474-1A3956D46DE8}") = "src", "src", "{22193CA8-3B9C-460C-BB94-1EA7A2655111}"
EndProject
Global
	GlobalSection(SolutionConfigurationPlatforms) = preSolution
		Debug|Any CPU = Debug|Any CPU
		Release|Any CPU = Release|Any CPU
	EndGlobalSection
	GlobalSection(ProjectConfigurationPlatforms) = postSolution
		{F2B74856-F51B-4D0E-AA01-6810AF0FD009}.Debug|Any CPU.ActiveCfg = Debug|Any CPU
		{F2B74856-F51B-4D0E-AA01-6810AF0FD009}.Debug|Any CPU.Build.0 = Debug|Any CPU
		{F2B74856-F51B-4D0E-AA01-6810AF0FD009}.Release|Any CPU.ActiveCfg = Release|Any CPU
		{F2B74856-F51B-4D0E-AA01-6810AF0FD009}.Release|Any CPU.Build.0 = Release|Any CPU
		{2E31D9E3-216B-4433-96A2-C744753CE2BF}.Debug|Any CPU.ActiveCfg = Debug|Any CPU
		{2E31D9E3-216B-4433-96A2-C744753CE2BF}.Debug|Any CPU.Build.0 = Debug|Any CPU
		{2E31D9E3-216B-4433-96A2-C744753CE2BF}.Release|Any CPU.ActiveCfg = Release|Any CPU
		{2E31D9E3-216B-4433-96A2-C744753CE2BF}.Release|Any CPU.Build.0 = Release|Any CPU
		{BF285B87-BB8F-4232-AC5F-99E745DC8B21}.Debug|Any CPU.ActiveCfg = Debug|Any CPU
		{BF285B87-BB8F-4232-AC5F-99E745DC8B21}.Debug|Any CPU.Build.0 = Debug|Any CPU
		{BF285B87-BB8F-4232-AC5F-99E745DC8B21}.Release|Any CPU.ActiveCfg = Release|Any CPU
		{BF285B87-BB8F-4232-AC5F-99E745DC8B21}.Release|Any CPU.Build.0 = Release|Any CPU
		{D38EBD96-120A-4FE3-8EEA-6D754CD49DD3}.Debug|Any CPU.ActiveCfg = Debug|Any CPU
		{D38EBD96-120A-4FE3-8EEA-6D754CD49DD3}.Debug|Any CPU.Build.0 = Debug|Any CPU
		{D38EBD96-120A-4FE3-8EEA-6D754CD49DD3}.Release|Any CPU.ActiveCfg = Release|Any CPU
		{D38EBD96-120A-4FE3-8EEA-6D754CD49DD3}.Release|Any CPU.Build.0 = Release|Any CPU
	EndGlobalSection
	GlobalSection(SolutionProperties) = preSolution
		HideSolutionNode = FALSE
	EndGlobalSection
	GlobalSection(NestedProjects) = preSolution
		{F2B74856-F51B-4D0E-AA01-6810AF0FD009} = {22193CA8-3B9C-460C-BB94-1EA7A2655111}
		{2E31D9E3-216B-4433-96A2-C744753CE2BF} = {22193CA8-3B9C-460C-BB94-1EA7A2655111}
		{BF285B87-BB8F-4232-AC5F-99E745DC8B21} = {22193CA8-3B9C-460C-BB94-1EA7A2655111}
		{D38EBD96-120A-4FE3-8EEA-6D754CD49DD3} = {22193CA8-3B9C-460C-BB94-1EA7A2655111}
	EndGlobalSection
	GlobalSection(ExtensibilityGlobals) = postSolution
		SolutionGuid = {8FE61E4B-8CC8-4B9F-9E06-978E49B6896A}
	EndGlobalSection
EndGlobal
