
Microsoft Visual Studio Solution File, Format Version 12.00
# Visual Studio Version 17
VisualStudioVersion = 17.6.33712.159
MinimumVisualStudioVersion = 10.0.40219.1
Project("{2150E333-8FDC-42A3-9474-1A3956D46DE8}") = "src", "src", "{22193CA8-3B9C-460C-BB94-1EA7A2655111}"
EndProject
Project("{9A19103F-16F7-4668-BE54-9A1E7A4F7556}") = "Application", "src\Application\Application.csproj", "{6CF49706-6B18-4D60-A8B8-EE08DF22D6F1}"
EndProject
Project("{9A19103F-16F7-4668-BE54-9A1E7A4F7556}") = "Domain", "src\Domain\Domain.csproj", "{73408C35-8B55-472F-9834-FB486802883E}"
EndProject
Project("{9A19103F-16F7-4668-BE54-9A1E7A4F7556}") = "Infrastructure", "src\Infrastructure\Infrastructure.csproj", "{FDFDE534-7F9E-4D94-8C2B-734BDEFA8EDC}"
EndProject
Project("{9A19103F-16F7-4668-BE54-9A1E7A4F7556}") = "WebApps", "src\WebApps\WebApps.csproj", "{7C5E8FDD-7F86-41EA-AD3C-11159FF2F18A}"
EndProject
Global
	GlobalSection(SolutionConfigurationPlatforms) = preSolution
		Debug|Any CPU = Debug|Any CPU
		Release|Any CPU = Release|Any CPU
	EndGlobalSection
	GlobalSection(ProjectConfigurationPlatforms) = postSolution
		{6CF49706-6B18-4D60-A8B8-EE08DF22D6F1}.Debug|Any CPU.ActiveCfg = Debug|Any CPU
		{6CF49706-6B18-4D60-A8B8-EE08DF22D6F1}.Debug|Any CPU.Build.0 = Debug|Any CPU
		{6CF49706-6B18-4D60-A8B8-EE08DF22D6F1}.Release|Any CPU.ActiveCfg = Release|Any CPU
		{6CF49706-6B18-4D60-A8B8-EE08DF22D6F1}.Release|Any CPU.Build.0 = Release|Any CPU
		{73408C35-8B55-472F-9834-FB486802883E}.Debug|Any CPU.ActiveCfg = Debug|Any CPU
		{73408C35-8B55-472F-9834-FB486802883E}.Debug|Any CPU.Build.0 = Debug|Any CPU
		{73408C35-8B55-472F-9834-FB486802883E}.Release|Any CPU.ActiveCfg = Release|Any CPU
		{73408C35-8B55-472F-9834-FB486802883E}.Release|Any CPU.Build.0 = Release|Any CPU
		{FDFDE534-7F9E-4D94-8C2B-734BDEFA8EDC}.Debug|Any CPU.ActiveCfg = Debug|Any CPU
		{FDFDE534-7F9E-4D94-8C2B-734BDEFA8EDC}.Debug|Any CPU.Build.0 = Debug|Any CPU
		{FDFDE534-7F9E-4D94-8C2B-734BDEFA8EDC}.Release|Any CPU.ActiveCfg = Release|Any CPU
		{FDFDE534-7F9E-4D94-8C2B-734BDEFA8EDC}.Release|Any CPU.Build.0 = Release|Any CPU
		{7C5E8FDD-7F86-41EA-AD3C-11159FF2F18A}.Debug|Any CPU.ActiveCfg = Debug|Any CPU
		{7C5E8FDD-7F86-41EA-AD3C-11159FF2F18A}.Debug|Any CPU.Build.0 = Debug|Any CPU
		{7C5E8FDD-7F86-41EA-AD3C-11159FF2F18A}.Release|Any CPU.ActiveCfg = Release|Any CPU
		{7C5E8FDD-7F86-41EA-AD3C-11159FF2F18A}.Release|Any CPU.Build.0 = Release|Any CPU
	EndGlobalSection
	GlobalSection(SolutionProperties) = preSolution
		HideSolutionNode = FALSE
	EndGlobalSection
	GlobalSection(NestedProjects) = preSolution
		{6CF49706-6B18-4D60-A8B8-EE08DF22D6F1} = {22193CA8-3B9C-460C-BB94-1EA7A2655111}
		{73408C35-8B55-472F-9834-FB486802883E} = {22193CA8-3B9C-460C-BB94-1EA7A2655111}
		{FDFDE534-7F9E-4D94-8C2B-734BDEFA8EDC} = {22193CA8-3B9C-460C-BB94-1EA7A2655111}
		{7C5E8FDD-7F86-41EA-AD3C-11159FF2F18A} = {22193CA8-3B9C-460C-BB94-1EA7A2655111}
	EndGlobalSection
	GlobalSection(ExtensibilityGlobals) = postSolution
		SolutionGuid = {8FE61E4B-8CC8-4B9F-9E06-978E49B6896A}
	EndGlobalSection
EndGlobal
